
Microsoft Visual Studio Solution File, Format Version 12.00
# Visual Studio Version 17
VisualStudioVersion = 17.13.35806.99 d17.13
MinimumVisualStudioVersion = 10.0.40219.1
Project("{FAE04EC0-301F-11D3-BF4B-00C04F79EFBC}") = "haedrich-owen-a3-game", "haedrich-owen-a3-game.csproj", "{43EEBEF5-D18A-4A06-9B0C-CDC2A7ADE78B}"
EndProject
Global
	GlobalSection(SolutionConfigurationPlatforms) = preSolution
		Debug|Any CPU = Debug|Any CPU
		Release|Any CPU = Release|Any CPU
	EndGlobalSection
	GlobalSection(ProjectConfigurationPlatforms) = postSolution
		{43EEBEF5-D18A-4A06-9B0C-CDC2A7ADE78B}.Debug|Any CPU.ActiveCfg = Debug|Any CPU
		{43EEBEF5-D18A-4A06-9B0C-CDC2A7ADE78B}.Debug|Any CPU.Build.0 = Debug|Any CPU
		{43EEBEF5-D18A-4A06-9B0C-CDC2A7ADE78B}.Release|Any CPU.ActiveCfg = Release|Any CPU
		{43EEBEF5-D18A-4A06-9B0C-CDC2A7ADE78B}.Release|Any CPU.Build.0 = Release|Any CPU
	EndGlobalSection
	GlobalSection(SolutionProperties) = preSolution
		HideSolutionNode = FALSE
	EndGlobalSection
	GlobalSection(ExtensibilityGlobals) = postSolution
		SolutionGuid = {E9BFA391-873F-413A-839C-2C51A448B773}
	EndGlobalSection
EndGlobal
